PODS:
  - Flutter (1.0.0)
  - flutter_icmp_ping (0.0.1):
    - Flutter
  - flutter_isolate (0.0.1):
    - Flutter

DEPENDENCIES:
  - Flutter (from `Flutter`)
  - flutter_icmp_ping (from `.symlinks/plugins/flutter_icmp_ping/ios`)
  - flutter_isolate (from `.symlinks/plugins/flutter_isolate/ios`)

EXTERNAL SOURCES:
  Flutter:
    :path: Flutter
  flutter_icmp_ping:
    :path: ".symlinks/plugins/flutter_icmp_ping/ios"
  flutter_isolate:
    :path: ".symlinks/plugins/flutter_isolate/ios"

SPEC CHECKSUMS:
  Flutter: f04841e97a9d0b0a8025694d0796dd46242b2854
  flutter_icmp_ping: 2b159955eee0c487c766ad83fec224ae35e7c935
  flutter_isolate: 0edf5081826d071adf21759d1eb10ff5c24503b5

PODFILE CHECKSUM: 70d9d25280d0dd177a5f637cdb0f0b0b12c6a189

COCOAPODS: 1.12.0
